
Microsoft Visual Studio Solution File, Format Version 12.00
#
Project("{FAE04EC0-301F-11D3-BF4B-00C04F79EFBC}") = "CSlox", "CSlox\CSlox.csproj", "{9CC75D87-C26F-431A-84F6-28957E9E64C5}"
EndProject
Project("{FAE04EC0-301F-11D3-BF4B-00C04F79EFBC}") = "CSLox.Tests", "CSLox.Tests\CSLox.Tests.csproj", "{D607B544-342F-45FE-8097-2DA765017CC6}"
EndProject
Global
	GlobalSection(SolutionConfigurationPlatforms) = preSolution
		Debug|Any CPU = Debug|Any CPU
		Release|Any CPU = Release|Any CPU
	EndGlobalSection
	GlobalSection(ProjectConfigurationPlatforms) = postSolution
		{9CC75D87-C26F-431A-84F6-28957E9E64C5}.Debug|Any CPU.ActiveCfg = Debug|Any CPU
		{9CC75D87-C26F-431A-84F6-28957E9E64C5}.Debug|Any CPU.Build.0 = Debug|Any CPU
		{9CC75D87-C26F-431A-84F6-28957E9E64C5}.Release|Any CPU.ActiveCfg = Release|Any CPU
		{9CC75D87-C26F-431A-84F6-28957E9E64C5}.Release|Any CPU.Build.0 = Release|Any CPU
		{D607B544-342F-45FE-8097-2DA765017CC6}.Debug|Any CPU.ActiveCfg = Debug|Any CPU
		{D607B544-342F-45FE-8097-2DA765017CC6}.Debug|Any CPU.Build.0 = Debug|Any CPU
		{D607B544-342F-45FE-8097-2DA765017CC6}.Release|Any CPU.ActiveCfg = Release|Any CPU
		{D607B544-342F-45FE-8097-2DA765017CC6}.Release|Any CPU.Build.0 = Release|Any CPU
	EndGlobalSection
EndGlobal
